
Microsoft Visual Studio Solution File, Format Version 12.00
# Visual Studio Version 17
VisualStudioVersion = 17.14.36623.8
MinimumVisualStudioVersion = 10.0.40219.1
Project("{FAE04EC0-301F-11D3-BF4B-00C04F79EFBC}") = "GerenciamentoProdutos.API", "GerenciamentoProdutos.API\GerenciamentoProdutos.API.csproj", "{195668A4-AFDC-44E1-8CF5-A6A108143461}"
EndProject
Project("{FAE04EC0-301F-11D3-BF4B-00C04F79EFBC}") = "GerenciamentoProdutos.Domain", "GerenciamentoProdutos.Domain\GerenciamentoProdutos.Domain.csproj", "{F567EEE2-19ED-46C7-9174-FB647F60DC88}"
EndProject
Project("{FAE04EC0-301F-11D3-BF4B-00C04F79EFBC}") = "GerenciamentoProdutos.Data", "GerenciamentoProdutos.Data\GerenciamentoProdutos.Data.csproj", "{9A4E38A7-299F-454B-9336-316A56495139}"
EndProject
Project("{2150E333-8FDC-42A3-9474-1A3956D46DE8}") = "Itens de Solução", "Itens de Solução", "{380A7511-A354-6D7A-0CC0-8FA1F1BA7B6C}"
	ProjectSection(SolutionItems) = preProject
		.gitignore = .gitignore
	EndProjectSection
EndProject
Global
	GlobalSection(SolutionConfigurationPlatforms) = preSolution
		Debug|Any CPU = Debug|Any CPU
		Release|Any CPU = Release|Any CPU
	EndGlobalSection
	GlobalSection(ProjectConfigurationPlatforms) = postSolution
		{195668A4-AFDC-44E1-8CF5-A6A108143461}.Debug|Any CPU.ActiveCfg = Debug|Any CPU
		{195668A4-AFDC-44E1-8CF5-A6A108143461}.Debug|Any CPU.Build.0 = Debug|Any CPU
		{195668A4-AFDC-44E1-8CF5-A6A108143461}.Release|Any CPU.ActiveCfg = Release|Any CPU
		{195668A4-AFDC-44E1-8CF5-A6A108143461}.Release|Any CPU.Build.0 = Release|Any CPU
		{F567EEE2-19ED-46C7-9174-FB647F60DC88}.Debug|Any CPU.ActiveCfg = Debug|Any CPU
		{F567EEE2-19ED-46C7-9174-FB647F60DC88}.Debug|Any CPU.Build.0 = Debug|Any CPU
		{F567EEE2-19ED-46C7-9174-FB647F60DC88}.Release|Any CPU.ActiveCfg = Release|Any CPU
		{F567EEE2-19ED-46C7-9174-FB647F60DC88}.Release|Any CPU.Build.0 = Release|Any CPU
		{9A4E38A7-299F-454B-9336-316A56495139}.Debug|Any CPU.ActiveCfg = Debug|Any CPU
		{9A4E38A7-299F-454B-9336-316A56495139}.Debug|Any CPU.Build.0 = Debug|Any CPU
		{9A4E38A7-299F-454B-9336-316A56495139}.Release|Any CPU.ActiveCfg = Release|Any CPU
		{9A4E38A7-299F-454B-9336-316A56495139}.Release|Any CPU.Build.0 = Release|Any CPU
	EndGlobalSection
	GlobalSection(SolutionProperties) = preSolution
		HideSolutionNode = FALSE
	EndGlobalSection
	GlobalSection(ExtensibilityGlobals) = postSolution
		SolutionGuid = {D66D9216-9A80-4780-BEEE-81FB055FB572}
	EndGlobalSection
EndGlobal
